positibe_block_index:
   path: /blocks
   methods: [GET]
   defaults:
       _controller: positibe.controller.block:indexAction
       _sylius:
            template: PositibeCmsBundle:Block:index.html.twig
            sortable: true
            sorting:
                position: asc

positibe_block_delete:
    path: /blocks/delete/{id}
    methods: [DELETE]
    defaults:
        _controller: positibe.controller.block:deleteAction

positibe_block_move_up:
    path: /blocks/move/{id}/up
    methods: [PUT]
    defaults:
        _controller: positibe.controller.block:moveUpAction
        _sylius:
            redirect: referer

positibe_block_move_down:
    path: /blocks/move/{id}/down
    methods: [PUT]
    defaults:
        _controller: positibe.controller.block:moveDownAction
        _sylius:
            redirect: referer