positibe_content_block_create:
    path: /blocks/content/new
    methods: [GET, POST]
    defaults:
        _controller: positibe.controller.content_block:createAction
        _sylius:
            template: PositibeCmsBundle:ContentBlock:create.html.twig
            redirect:
                route: positibe_content_block_update
                parameters: { id: resource.id }

positibe_content_block_update:
    path: /blocks/content/{id}/edit
    methods: [GET, PUT]
    defaults:
        _controller: positibe.controller.content_block:updateAction
        _sylius:
            template: PositibeCmsBundle:ContentBlock:update.html.twig
            redirect:
                route: positibe_content_block_update
                parameters: { id: resource.id }