positibe_gallery_block_create:
    path: /blocks/gallery/new
    methods: [GET, POST]
    defaults:
        _controller: positibe.controller.gallery_block:createAction
        _sylius:
            template: PositibeCmsBundle:GalleryBlock:create.html.twig
            redirect:
                route: positibe_gallery_block_update
                parameters: { id: resource.id }

positibe_gallery_block_update:
    path: /gallery_block/{id}/edit
    methods: [GET, PUT]
    defaults:
        _controller: positibe.controller.gallery_block:updateAction
        _sylius:
            template: PositibeCmsBundle:GalleryBlock:update.html.twig
            redirect:
                route: positibe_gallery_block_update
                parameters: { id: resource.id }