positibe_menu_block_create:
    path: /blocks/menu/new
    methods: [GET, POST]
    defaults:
        _controller: positibe.controller.menu_block:createAction
        _sylius:
            template: PositibeCmsBundle:MenuBlock:create.html.twig
            redirect:
                route: positibe_menu_block_update
                parameters: { id: resource.id }

positibe_menu_block_update:
    path: /blocks/menu/{id}/edit
    methods: [GET, PUT]
    defaults:
        _controller: positibe.controller.menu_block:updateAction
        _sylius:
            template: PositibeCmsBundle:MenuBlock:update.html.twig
            redirect:
                route: positibe_menu_block_update
                parameters: { id: resource.id }