positibe_page_block_create:
    path: /blocks/page/new
    methods: [GET, POST]
    defaults:
        _controller: positibe.controller.page_block:createAction
        _sylius:
            template: PositibeCmsBundle:PageBlock:create.html.twig
            redirect:
                route: positibe_page_block_update
                parameters: { id: resource.id }

positibe_page_block_update:
    path: /blocks/page/{id}/edit
    methods: [GET, PUT]
    defaults:
        _controller: positibe.controller.page_block:updateAction
        _sylius:
            template: PositibeCmsBundle:PageBlock:update.html.twig
            redirect:
                route: positibe_page_block_update
                parameters: { id: resource.id }